<?xml version="1.0" encoding="utf-8"?>
<Project ToolsVersion="4.0" xmlns="http://schemas.microsoft.com/developer/msbuild/2003">
  <ItemGroup>
    <Filter Include="Source Files">
      <UniqueIdentifier>{4FC737F1-C7A5-4376-A066-2A32D752A2FF}</UniqueIdentifier>
      <Extensions>cpp;c;cc;cxx;def;odl;idl;hpj;bat;asm;asmx</Extensions>
    </Filter>
    <Filter Include="Header Files">
      <UniqueIdentifier>{93995380-89BD-4b04-88EB-625FBE52EBFB}</UniqueIdentifier>
      <Extensions>h;hpp;hxx;hm;inl;inc;xsd</Extensions>
    </Filter>
    <Filter Include="Resource Files">
      <UniqueIdentifier>{67DA6AB6-F800-4c08-8B7A-83BB121AAD01}</UniqueIdentifier>
      <Extensions>rc;ico;cur;bmp;dlg;rc2;rct;bin;rgs;gif;jpg;jpeg;jpe;resx;tiff;tif;png;wav;mfcribbon-ms</Extensions>
    </Filter>
    <Filter Include="Header Files\Framework">
      <UniqueIdentifier>{07667b27-3d02-4514-a465-3fd8b26758ff}</UniqueIdentifier>
    </Filter>
    <Filter Include="Source Files\Framework">
      <UniqueIdentifier>{37c19c94-9502-4b2b-b3f1-70fa908b49af}</UniqueIdentifier>
    </Filter>
    <Filter Include="Source Files\Minigames">
      <UniqueIdentifier>{32b28d2a-2699-4f76-a3d3-7012a109389a}</UniqueIdentifier>
    </Filter>
    <Filter Include="Source Files\UI&amp;Game">
      <UniqueIdentifier>{3cd04a50-e5a3-43c1-94f2-095ae97d346c}</UniqueIdentifier>
    </Filter>
    <Filter Include="Header Files\UI&amp;Game">
      <UniqueIdentifier>{0dbde28f-e68e-40a8-be6f-76e172c74836}</UniqueIdentifier>
    </Filter>
    <Filter Include="Header Files\Minigames">
      <UniqueIdentifier>{63b262cf-f91f-4d74-a427-5f42ccc75414}</UniqueIdentifier>
    </Filter>
    <Filter Include="Text Files">
      <UniqueIdentifier>{fac04bfe-3552-4a00-8769-ff34cb006c33}</UniqueIdentifier>
    </Filter>
    <Filter Include="Text Files\UI">
      <UniqueIdentifier>{37ed554b-197b-4610-9600-7c7df7749aa6}</UniqueIdentifier>
    </Filter>
    <Filter Include="Text Files\Sub shoot-down">
      <UniqueIdentifier>{72938028-fefd-482f-8214-cb1d9c86e73c}</UniqueIdentifier>
    </Filter>
    <Filter Include="Text Files\Scream">
      <UniqueIdentifier>{c7e0a8c8-169f-4680-9913-5eab586b5475}</UniqueIdentifier>
    </Filter>
    <Filter Include="Text Files\ToiletRoll">
      <UniqueIdentifier>{6441c411-1eeb-4313-9e1d-fc1820f3fcea}</UniqueIdentifier>
    </Filter>
    <Filter Include="Text Files\TableFlip">
      <UniqueIdentifier>{f1cd3e40-992c-4c74-b04c-b5bb5dc3455f}</UniqueIdentifier>
    </Filter>
  </ItemGroup>
  <ItemGroup>
    <ClCompile Include="Framework\console.cpp">
      <Filter>Source Files\Framework</Filter>
    </ClCompile>
    <ClCompile Include="Framework\timer.cpp">
      <Filter>Source Files\Framework</Filter>
    </ClCompile>
    <ClCompile Include="Directory.cpp">
      <Filter>Source Files\Framework</Filter>
    </ClCompile>
    <ClCompile Include="Graphics.cpp">
      <Filter>Source Files\Framework</Filter>
    </ClCompile>
    <ClCompile Include="Scream.cpp">
      <Filter>Source Files\Minigames</Filter>
    </ClCompile>
    <ClCompile Include="subgame.cpp">
      <Filter>Source Files\Minigames</Filter>
    </ClCompile>
    <ClCompile Include="TableFlip.cpp">
      <Filter>Source Files\Minigames</Filter>
    </ClCompile>
    <ClCompile Include="ToiletRoll.cpp">
      <Filter>Source Files\Minigames</Filter>
    </ClCompile>
    <ClCompile Include="MainMenu.cpp">
      <Filter>Source Files\UI&amp;Game</Filter>
    </ClCompile>
    <ClCompile Include="game.cpp">
      <Filter>Source Files\UI&amp;Game</Filter>
    </ClCompile>
    <ClCompile Include="main.cpp">
      <Filter>Source Files</Filter>
    </ClCompile>
  </ItemGroup>
  <ItemGroup>
    <ClInclude Include="Framework\console.h">
      <Filter>Header Files\Framework</Filter>
    </ClInclude>
    <ClInclude Include="Framework\timer.h">
      <Filter>Header Files\Framework</Filter>
    </ClInclude>
    <ClInclude Include="Directory.h">
      <Filter>Header Files\Framework</Filter>
    </ClInclude>
    <ClInclude Include="Graphics.h">
      <Filter>Header Files\Framework</Filter>
    </ClInclude>
    <ClInclude Include="game.h">
      <Filter>Header Files\UI&amp;Game</Filter>
    </ClInclude>
    <ClInclude Include="MainMenu.h">
      <Filter>Header Files\UI&amp;Game</Filter>
    </ClInclude>
    <ClInclude Include="Scream.h">
      <Filter>Header Files\Minigames</Filter>
    </ClInclude>
    <ClInclude Include="subgame.h">
      <Filter>Header Files\Minigames</Filter>
    </ClInclude>
    <ClInclude Include="TableFlip.h">
      <Filter>Header Files\Minigames</Filter>
    </ClInclude>
    <ClInclude Include="ToiletRoll.h">
      <Filter>Header Files\Minigames</Filter>
    </ClInclude>
  </ItemGroup>
  <ItemGroup>
    <None Include="ButtonMashMaster.txt">
      <Filter>Text Files\UI</Filter>
    </None>
    <None Include="MainMenu.txt">
      <Filter>Text Files\UI</Filter>
    </None>
    <None Include="Submarine\Sub.txt">
      <Filter>Text Files\Sub shoot-down</Filter>
    </None>
    <None Include="Submarine\Sub-shoot.txt">
      <Filter>Text Files\Sub shoot-down</Filter>
    </None>
    <None Include="Submarine\Subenemies.txt">
      <Filter>Text Files\Sub shoot-down</Filter>
    </None>
    <None Include="Submarine\Subenemies-dead.txt">
      <Filter>Text Files\Sub shoot-down</Filter>
    </None>
    <None Include="ascii\lefthand.txt">
      <Filter>Text Files\ToiletRoll</Filter>
    </None>
    <None Include="ascii\righthand.txt">
      <Filter>Text Files\ToiletRoll</Filter>
    </None>
    <None Include="ascii\toiletroll.txt">
      <Filter>Text Files\ToiletRoll</Filter>
    </None>
  </ItemGroup>
</Project>